
Microsoft Visual Studio Solution File, Format Version 12.00
# Visual Studio 15
Project("{FAE04EC0-301F-11D3-BF4B-00C04F79EFBC}") = "Unity.Timeline", "Unity.Timeline.csproj", "{DF7C10A9-420C-0A38-2E73-147049500ABE}"
EndProject
Project("{FAE04EC0-301F-11D3-BF4B-00C04F79EFBC}") = "Unity.ShaderGraph.Editor", "Unity.ShaderGraph.Editor.csproj", "{2C2EBBEA-5C24-8DD4-BD58-F48669494CB6}"
EndProject
Project("{FAE04EC0-301F-11D3-BF4B-00C04F79EFBC}") = "Unity.2D.Aseprite.Editor", "Unity.2D.Aseprite.Editor.csproj", "{849966C2-B454-67BE-C364-6FC1F0B646DB}"
EndProject
Project("{FAE04EC0-301F-11D3-BF4B-00C04F79EFBC}") = "Unity.VisualScripting.Flow", "Unity.VisualScripting.Flow.csproj", "{8291BFD3-9CD6-5589-DA30-560B51C82C0E}"
EndProject
Project("{FAE04EC0-301F-11D3-BF4B-00C04F79EFBC}") = "Unity.RenderPipelines.Universal.Runtime", "Unity.RenderPipelines.Universal.Runtime.csproj", "{C320DB5B-96AE-2F6F-7EE7-CBD22C33B68E}"
EndProject
Project("{FAE04EC0-301F-11D3-BF4B-00C04F79EFBC}") = "UnityEditor.UI", "UnityEditor.UI.csproj", "{F2D72300-1FD5-F216-3BB9-85B1F19A36F2}"
EndProject
Project("{FAE04EC0-301F-11D3-BF4B-00C04F79EFBC}") = "Unity.Timeline.Editor", "Unity.Timeline.Editor.csproj", "{52576B6A-BD3F-E03A-39CD-7E4FC838CEB8}"
EndProject
Project("{FAE04EC0-301F-11D3-BF4B-00C04F79EFBC}") = "Unity.PlasticSCM.Editor", "Unity.PlasticSCM.Editor.csproj", "{E940287C-FB98-304D-87D3-41FF97B9FE54}"
EndProject
Project("{FAE04EC0-301F-11D3-BF4B-00C04F79EFBC}") = "Unity.RenderPipelines.Core.Runtime", "Unity.RenderPipelines.Core.Runtime.csproj", "{5B7FAC81-AB1E-C21A-2BE0-17BDD6BE32CA}"
EndProject
Project("{FAE04EC0-301F-11D3-BF4B-00C04F79EFBC}") = "Unity.Mathematics", "Unity.Mathematics.csproj", "{CDF81CB7-0455-523E-BADE-5F961D320D0C}"
EndProject
Project("{FAE04EC0-301F-11D3-BF4B-00C04F79EFBC}") = "Unity.RenderPipelines.Core.Editor", "Unity.RenderPipelines.Core.Editor.csproj", "{4029A462-EC29-A523-6D31-EC89469F3F1D}"
EndProject
Project("{FAE04EC0-301F-11D3-BF4B-00C04F79EFBC}") = "Unity.2D.Common.Path.Editor", "Unity.2D.Common.Path.Editor.csproj", "{24203B68-F72A-DF32-4163-715C5E1BF46E}"
EndProject
Project("{FAE04EC0-301F-11D3-BF4B-00C04F79EFBC}") = "Unity.2D.Psdimporter.Editor", "Unity.2D.Psdimporter.Editor.csproj", "{04356C73-3F20-E96D-9FA2-A7C0ABB22B1C}"
EndProject
Project("{FAE04EC0-301F-11D3-BF4B-00C04F79EFBC}") = "Unity.VisualScripting.Core.Editor", "Unity.VisualScripting.Core.Editor.csproj", "{A54C7588-A0AF-F5E0-569E-9BE9EC150426}"
EndProject
Project("{FAE04EC0-301F-11D3-BF4B-00C04F79EFBC}") = "Unity.2D.IK.Runtime", "Unity.2D.IK.Runtime.csproj", "{7E7147EB-EEB2-53A1-5BD8-44D7F6E68087}"
EndProject
Project("{FAE04EC0-301F-11D3-BF4B-00C04F79EFBC}") = "UnityEditor.TestRunner", "UnityEditor.TestRunner.csproj", "{2DF0A30B-7EBB-BDE4-FCA0-0DD32B7B50FB}"
EndProject
Project("{FAE04EC0-301F-11D3-BF4B-00C04F79EFBC}") = "Unity.RenderPipelines.Universal.Editor", "Unity.RenderPipelines.Universal.Editor.csproj", "{CEB7AABF-9C8D-9E2D-BD25-D7A72646C48E}"
EndProject
Project("{FAE04EC0-301F-11D3-BF4B-00C04F79EFBC}") = "Unity.TextMeshPro.Editor", "Unity.TextMeshPro.Editor.csproj", "{177288C4-6DB8-6BCB-0455-CB81DB500A6E}"
EndProject
Project("{FAE04EC0-301F-11D3-BF4B-00C04F79EFBC}") = "Unity.VisualScripting.Flow.Editor", "Unity.VisualScripting.Flow.Editor.csproj", "{3FDB9CC7-1FC8-9B69-29F4-8965F89D7DD7}"
EndProject
Project("{FAE04EC0-301F-11D3-BF4B-00C04F79EFBC}") = "UnityEngine.TestRunner", "UnityEngine.TestRunner.csproj", "{CEF5CD72-8930-D161-4487-FB58ABBD1A6D}"
EndProject
Project("{FAE04EC0-301F-11D3-BF4B-00C04F79EFBC}") = "Unity.VisualScripting.Core", "Unity.VisualScripting.Core.csproj", "{EFD8CEFC-FDF9-E3BD-4843-65D1ED96815A}"
EndProject
Project("{FAE04EC0-301F-11D3-BF4B-00C04F79EFBC}") = "Unity.2D.Tilemap.Editor", "Unity.2D.Tilemap.Editor.csproj", "{07701F83-E075-49A2-6A17-073D201541AB}"
EndProject
Project("{FAE04EC0-301F-11D3-BF4B-00C04F79EFBC}") = "Unity.Searcher.Editor", "Unity.Searcher.Editor.csproj", "{3C01AE3C-9AC3-81CF-4BE4-3BB312128978}"
EndProject
Project("{FAE04EC0-301F-11D3-BF4B-00C04F79EFBC}") = "Unity.Burst", "Unity.Burst.csproj", "{3617577E-71FC-A5D1-A2BE-35CED958EFA2}"
EndProject
Project("{FAE04EC0-301F-11D3-BF4B-00C04F79EFBC}") = "PsdPlugin", "PsdPlugin.csproj", "{6F2405FE-94F7-AA90-23CC-A9D8F80DD53F}"
EndProject
Project("{FAE04EC0-301F-11D3-BF4B-00C04F79EFBC}") = "Unity.Collections", "Unity.Collections.csproj", "{1B8C9806-4EA4-3994-9CD9-B0144A1BE466}"
EndProject
Project("{FAE04EC0-301F-11D3-BF4B-00C04F79EFBC}") = "Unity.2D.Animation.Editor", "Unity.2D.Animation.Editor.csproj", "{09647913-DE77-114B-4E38-9E84E80511E9}"
EndProject
Project("{FAE04EC0-301F-11D3-BF4B-00C04F79EFBC}") = "Unity.2D.SpriteShape.Editor", "Unity.2D.SpriteShape.Editor.csproj", "{5CAF6874-9F8D-B64A-4EF9-BD0237C13649}"
EndProject
Project("{FAE04EC0-301F-11D3-BF4B-00C04F79EFBC}") = "Unity.VisualStudio.Editor", "Unity.VisualStudio.Editor.csproj", "{7954D712-6858-E0DE-6C18-885B07BEE0D3}"
EndProject
Project("{FAE04EC0-301F-11D3-BF4B-00C04F79EFBC}") = "PPv2URPConverters", "PPv2URPConverters.csproj", "{8A3EEA36-3168-D7FD-DDE1-1F819170C1A3}"
EndProject
Project("{FAE04EC0-301F-11D3-BF4B-00C04F79EFBC}") = "Unity.Rider.Editor", "Unity.Rider.Editor.csproj", "{EF726EA4-4690-D6D1-F6FE-8580806C98D0}"
EndProject
Project("{FAE04EC0-301F-11D3-BF4B-00C04F79EFBC}") = "Unity.InternalAPIEditorBridge.001", "Unity.InternalAPIEditorBridge.001.csproj", "{43B5FB85-DAA5-C5A2-5AF6-948CB1788110}"
EndProject
Project("{FAE04EC0-301F-11D3-BF4B-00C04F79EFBC}") = "Unity.2D.SpriteShape.Runtime", "Unity.2D.SpriteShape.Runtime.csproj", "{57D07359-B882-5CEF-9B1E-C6A514C5DAB9}"
EndProject
Project("{FAE04EC0-301F-11D3-BF4B-00C04F79EFBC}") = "Unity.VisualScripting.State.Editor", "Unity.VisualScripting.State.Editor.csproj", "{D2AC86D3-7628-9A70-8E74-BFB9D0C06526}"
EndProject
Project("{FAE04EC0-301F-11D3-BF4B-00C04F79EFBC}") = "UnityEngine.UI", "UnityEngine.UI.csproj", "{C0BF54F1-65D2-F510-8B75-841421D7E413}"
EndProject
Project("{FAE04EC0-301F-11D3-BF4B-00C04F79EFBC}") = "Unity.Burst.CodeGen", "Unity.Burst.CodeGen.csproj", "{3E869FE3-CE17-8E0D-973F-068BAE5C5AFA}"
EndProject
Project("{FAE04EC0-301F-11D3-BF4B-00C04F79EFBC}") = "Unity.RenderPipeline.Universal.ShaderLibrary", "Unity.RenderPipeline.Universal.ShaderLibrary.csproj", "{4BC510BC-0E74-46F8-0056-3B2D354EF627}"
EndProject
Project("{FAE04EC0-301F-11D3-BF4B-00C04F79EFBC}") = "Unity.VisualScripting.State", "Unity.VisualScripting.State.csproj", "{265CC123-11EB-1478-B4D4-5E374A6FA473}"
EndProject
Project("{FAE04EC0-301F-11D3-BF4B-00C04F79EFBC}") = "Unity.TextMeshPro", "Unity.TextMeshPro.csproj", "{1BA509C4-8D1D-BFB0-D17C-7ACD19024128}"
EndProject
Project("{FAE04EC0-301F-11D3-BF4B-00C04F79EFBC}") = "Unity.2D.Tilemap.Extras.Editor", "Unity.2D.Tilemap.Extras.Editor.csproj", "{35C7FF61-094A-9C7F-5F1E-62C429AFD20B}"
EndProject
Project("{FAE04EC0-301F-11D3-BF4B-00C04F79EFBC}") = "Unity.2D.Animation.Runtime", "Unity.2D.Animation.Runtime.csproj", "{10EE20DF-F327-840F-8E56-519C94C1F14D}"
EndProject
Project("{FAE04EC0-301F-11D3-BF4B-00C04F79EFBC}") = "Unity.VisualScripting.SettingsProvider.Editor", "Unity.VisualScripting.SettingsProvider.Editor.csproj", "{610697E2-2313-917C-39B9-FC5C94E4C216}"
EndProject
Project("{FAE04EC0-301F-11D3-BF4B-00C04F79EFBC}") = "Unity.VSCode.Editor", "Unity.VSCode.Editor.csproj", "{8B8BEA6F-D532-C711-F35B-6A802C5A9918}"
EndProject
Project("{FAE04EC0-301F-11D3-BF4B-00C04F79EFBC}") = "Unity.2D.IK.Editor", "Unity.2D.IK.Editor.csproj", "{7761BB3E-A083-4E34-AA45-3891A37D0728}"
EndProject
Project("{FAE04EC0-301F-11D3-BF4B-00C04F79EFBC}") = "Unity.InternalAPIEngineBridge.001", "Unity.InternalAPIEngineBridge.001.csproj", "{1F3FE96C-06A3-1DCB-6DB0-5E384EC59C89}"
EndProject
Project("{FAE04EC0-301F-11D3-BF4B-00C04F79EFBC}") = "Unity.2D.Aseprite.Common", "Unity.2D.Aseprite.Common.csproj", "{74356A66-BC6B-FF1D-3AF4-A528F9F5F818}"
EndProject
Project("{FAE04EC0-301F-11D3-BF4B-00C04F79EFBC}") = "Unity.Burst.Editor", "Unity.Burst.Editor.csproj", "{E8F36EEB-7D67-C097-BA2C-2CFC55C5A6DA}"
EndProject
Project("{FAE04EC0-301F-11D3-BF4B-00C04F79EFBC}") = "Unity.2D.Common.Editor", "Unity.2D.Common.Editor.csproj", "{369FF21E-B6E3-D41E-DAE6-8FE910FF2D9C}"
EndProject
Project("{FAE04EC0-301F-11D3-BF4B-00C04F79EFBC}") = "Unity.2D.PixelPerfect", "Unity.2D.PixelPerfect.csproj", "{2A61008E-DE4D-3CD1-0F6A-43121CEB0DE1}"
EndProject
Project("{FAE04EC0-301F-11D3-BF4B-00C04F79EFBC}") = "Unity.2D.PixelPerfect.Editor", "Unity.2D.PixelPerfect.Editor.csproj", "{906C8E3A-F16C-389D-FE46-378EEE7EF483}"
EndProject
Project("{FAE04EC0-301F-11D3-BF4B-00C04F79EFBC}") = "Unity.2D.Common.Runtime", "Unity.2D.Common.Runtime.csproj", "{20D757B4-92E8-651D-129D-CB1F72F01265}"
EndProject
Project("{FAE04EC0-301F-11D3-BF4B-00C04F79EFBC}") = "Unity.2D.Sprite.Editor", "Unity.2D.Sprite.Editor.csproj", "{E3BE93B4-6987-01A1-2918-E6190C801940}"
EndProject
Project("{FAE04EC0-301F-11D3-BF4B-00C04F79EFBC}") = "Unity.Mathematics.Editor", "Unity.Mathematics.Editor.csproj", "{1D8B071C-5B77-B674-A307-9C4E1A4DAD00}"
EndProject
Project("{FAE04EC0-301F-11D3-BF4B-00C04F79EFBC}") = "Unity.2D.Tilemap.Extras", "Unity.2D.Tilemap.Extras.csproj", "{A296823D-6BD4-CCD1-52CA-863CD0D0F18F}"
EndProject
Project("{FAE04EC0-301F-11D3-BF4B-00C04F79EFBC}") = "Assembly-CSharp", "Assembly-CSharp.csproj", "{CA2D3D1A-7DE4-698E-DF49-11DE9C7344A3}"
EndProject
Project("{FAE04EC0-301F-11D3-BF4B-00C04F79EFBC}") = "Unity.InternalAPIEditorBridge.005", "Unity.InternalAPIEditorBridge.005.csproj", "{21A50645-B042-B1E5-736E-0D97EA35A7EF}"
EndProject
Project("{FAE04EC0-301F-11D3-BF4B-00C04F79EFBC}") = "Unity.ShaderGraph.Utilities", "Unity.ShaderGraph.Utilities.csproj", "{E9621CE8-1A1B-6D75-1266-30B5BBCF8FF0}"
EndProject
Project("{FAE04EC0-301F-11D3-BF4B-00C04F79EFBC}") = "Unity.VisualScripting.Shared.Editor", "Unity.VisualScripting.Shared.Editor.csproj", "{7AA05984-BE78-A486-391B-7AC4448CFC2A}"
EndProject
Project("{FAE04EC0-301F-11D3-BF4B-00C04F79EFBC}") = "Unity.Collections.DocCodeSamples", "Unity.Collections.DocCodeSamples.csproj", "{9657973E-37E5-696F-FC7A-D389F5513A8B}"
EndProject
Project("{FAE04EC0-301F-11D3-BF4B-00C04F79EFBC}") = "Unity.Collections.BurstCompatibilityGen", "Unity.Collections.BurstCompatibilityGen.csproj", "{165EE6AA-24E9-19A5-2C13-9227FE5E54F3}"
EndProject
Project("{FAE04EC0-301F-11D3-BF4B-00C04F79EFBC}") = "Unity.RenderPipelines.Universal.Config.Runtime", "Unity.RenderPipelines.Universal.Config.Runtime.csproj", "{A0099BB6-CDA2-4E40-796B-DE1CEE69E292}"
EndProject
Project("{FAE04EC0-301F-11D3-BF4B-00C04F79EFBC}") = "Unity.CollabProxy.Editor", "Unity.CollabProxy.Editor.csproj", "{B040E6A0-362E-15B6-97B6-E8EF5FC4CB5B}"
EndProject
Project("{FAE04EC0-301F-11D3-BF4B-00C04F79EFBC}") = "Unity.RenderPipelines.ShaderGraph.ShaderGraphLibrary", "Unity.RenderPipelines.ShaderGraph.ShaderGraphLibrary.csproj", "{80A0D8F7-A8F1-7004-9F70-C56CC5FE9FA9}"
EndProject
Project("{FAE04EC0-301F-11D3-BF4B-00C04F79EFBC}") = "Unity.RenderPipelines.Core.ShaderLibrary", "Unity.RenderPipelines.Core.ShaderLibrary.csproj", "{D1087C09-73FE-E201-D60D-07B91538E3A6}"
EndProject
Project("{FAE04EC0-301F-11D3-BF4B-00C04F79EFBC}") = "Unity.RenderPipelines.Universal.Shaders", "Unity.RenderPipelines.Universal.Shaders.csproj", "{FE0AEA23-28A0-6203-B74D-1F1A7C1BDD6F}"
EndProject
Global
	GlobalSection(SolutionConfigurationPlatforms) = preSolution
		Debug|Any CPU = Debug|Any CPU
		Release|Any CPU = Release|Any CPU
	EndGlobalSection
	GlobalSection(ProjectConfigurationPlatforms) = postSolution
		{DF7C10A9-420C-0A38-2E73-147049500ABE}.Debug|Any CPU.ActiveCfg = Debug|Any CPU
		{DF7C10A9-420C-0A38-2E73-147049500ABE}.Debug|Any CPU.Build.0 = Debug|Any CPU
		{DF7C10A9-420C-0A38-2E73-147049500ABE}.Release|Any CPU.ActiveCfg = Release|Any CPU
		{DF7C10A9-420C-0A38-2E73-147049500ABE}.Release|Any CPU.Build.0 = Release|Any CPU
		{2C2EBBEA-5C24-8DD4-BD58-F48669494CB6}.Debug|Any CPU.ActiveCfg = Debug|Any CPU
		{2C2EBBEA-5C24-8DD4-BD58-F48669494CB6}.Debug|Any CPU.Build.0 = Debug|Any CPU
		{2C2EBBEA-5C24-8DD4-BD58-F48669494CB6}.Release|Any CPU.ActiveCfg = Release|Any CPU
		{2C2EBBEA-5C24-8DD4-BD58-F48669494CB6}.Release|Any CPU.Build.0 = Release|Any CPU
		{849966C2-B454-67BE-C364-6FC1F0B646DB}.Debug|Any CPU.ActiveCfg = Debug|Any CPU
		{849966C2-B454-67BE-C364-6FC1F0B646DB}.Debug|Any CPU.Build.0 = Debug|Any CPU
		{849966C2-B454-67BE-C364-6FC1F0B646DB}.Release|Any CPU.ActiveCfg = Release|Any CPU
		{849966C2-B454-67BE-C364-6FC1F0B646DB}.Release|Any CPU.Build.0 = Release|Any CPU
		{8291BFD3-9CD6-5589-DA30-560B51C82C0E}.Debug|Any CPU.ActiveCfg = Debug|Any CPU
		{8291BFD3-9CD6-5589-DA30-560B51C82C0E}.Debug|Any CPU.Build.0 = Debug|Any CPU
		{8291BFD3-9CD6-5589-DA30-560B51C82C0E}.Release|Any CPU.ActiveCfg = Release|Any CPU
		{8291BFD3-9CD6-5589-DA30-560B51C82C0E}.Release|Any CPU.Build.0 = Release|Any CPU
		{C320DB5B-96AE-2F6F-7EE7-CBD22C33B68E}.Debug|Any CPU.ActiveCfg = Debug|Any CPU
		{C320DB5B-96AE-2F6F-7EE7-CBD22C33B68E}.Debug|Any CPU.Build.0 = Debug|Any CPU
		{C320DB5B-96AE-2F6F-7EE7-CBD22C33B68E}.Release|Any CPU.ActiveCfg = Release|Any CPU
		{C320DB5B-96AE-2F6F-7EE7-CBD22C33B68E}.Release|Any CPU.Build.0 = Release|Any CPU
		{F2D72300-1FD5-F216-3BB9-85B1F19A36F2}.Debug|Any CPU.ActiveCfg = Debug|Any CPU
		{F2D72300-1FD5-F216-3BB9-85B1F19A36F2}.Debug|Any CPU.Build.0 = Debug|Any CPU
		{F2D72300-1FD5-F216-3BB9-85B1F19A36F2}.Release|Any CPU.ActiveCfg = Release|Any CPU
		{F2D72300-1FD5-F216-3BB9-85B1F19A36F2}.Release|Any CPU.Build.0 = Release|Any CPU
		{52576B6A-BD3F-E03A-39CD-7E4FC838CEB8}.Debug|Any CPU.ActiveCfg = Debug|Any CPU
		{52576B6A-BD3F-E03A-39CD-7E4FC838CEB8}.Debug|Any CPU.Build.0 = Debug|Any CPU
		{52576B6A-BD3F-E03A-39CD-7E4FC838CEB8}.Release|Any CPU.ActiveCfg = Release|Any CPU
		{52576B6A-BD3F-E03A-39CD-7E4FC838CEB8}.Release|Any CPU.Build.0 = Release|Any CPU
		{E940287C-FB98-304D-87D3-41FF97B9FE54}.Debug|Any CPU.ActiveCfg = Debug|Any CPU
		{E940287C-FB98-304D-87D3-41FF97B9FE54}.Debug|Any CPU.Build.0 = Debug|Any CPU
		{E940287C-FB98-304D-87D3-41FF97B9FE54}.Release|Any CPU.ActiveCfg = Release|Any CPU
		{E940287C-FB98-304D-87D3-41FF97B9FE54}.Release|Any CPU.Build.0 = Release|Any CPU
		{5B7FAC81-AB1E-C21A-2BE0-17BDD6BE32CA}.Debug|Any CPU.ActiveCfg = Debug|Any CPU
		{5B7FAC81-AB1E-C21A-2BE0-17BDD6BE32CA}.Debug|Any CPU.Build.0 = Debug|Any CPU
		{5B7FAC81-AB1E-C21A-2BE0-17BDD6BE32CA}.Release|Any CPU.ActiveCfg = Release|Any CPU
		{5B7FAC81-AB1E-C21A-2BE0-17BDD6BE32CA}.Release|Any CPU.Build.0 = Release|Any CPU
		{CDF81CB7-0455-523E-BADE-5F961D320D0C}.Debug|Any CPU.ActiveCfg = Debug|Any CPU
		{CDF81CB7-0455-523E-BADE-5F961D320D0C}.Debug|Any CPU.Build.0 = Debug|Any CPU
		{CDF81CB7-0455-523E-BADE-5F961D320D0C}.Release|Any CPU.ActiveCfg = Release|Any CPU
		{CDF81CB7-0455-523E-BADE-5F961D320D0C}.Release|Any CPU.Build.0 = Release|Any CPU
		{4029A462-EC29-A523-6D31-EC89469F3F1D}.Debug|Any CPU.ActiveCfg = Debug|Any CPU
		{4029A462-EC29-A523-6D31-EC89469F3F1D}.Debug|Any CPU.Build.0 = Debug|Any CPU
		{4029A462-EC29-A523-6D31-EC89469F3F1D}.Release|Any CPU.ActiveCfg = Release|Any CPU
		{4029A462-EC29-A523-6D31-EC89469F3F1D}.Release|Any CPU.Build.0 = Release|Any CPU
		{24203B68-F72A-DF32-4163-715C5E1BF46E}.Debug|Any CPU.ActiveCfg = Debug|Any CPU
		{24203B68-F72A-DF32-4163-715C5E1BF46E}.Debug|Any CPU.Build.0 = Debug|Any CPU
		{24203B68-F72A-DF32-4163-715C5E1BF46E}.Release|Any CPU.ActiveCfg = Release|Any CPU
		{24203B68-F72A-DF32-4163-715C5E1BF46E}.Release|Any CPU.Build.0 = Release|Any CPU
		{04356C73-3F20-E96D-9FA2-A7C0ABB22B1C}.Debug|Any CPU.ActiveCfg = Debug|Any CPU
		{04356C73-3F20-E96D-9FA2-A7C0ABB22B1C}.Debug|Any CPU.Build.0 = Debug|Any CPU
		{04356C73-3F20-E96D-9FA2-A7C0ABB22B1C}.Release|Any CPU.ActiveCfg = Release|Any CPU
		{04356C73-3F20-E96D-9FA2-A7C0ABB22B1C}.Release|Any CPU.Build.0 = Release|Any CPU
		{A54C7588-A0AF-F5E0-569E-9BE9EC150426}.Debug|Any CPU.ActiveCfg = Debug|Any CPU
		{A54C7588-A0AF-F5E0-569E-9BE9EC150426}.Debug|Any CPU.Build.0 = Debug|Any CPU
		{A54C7588-A0AF-F5E0-569E-9BE9EC150426}.Release|Any CPU.ActiveCfg = Release|Any CPU
		{A54C7588-A0AF-F5E0-569E-9BE9EC150426}.Release|Any CPU.Build.0 = Release|Any CPU
		{7E7147EB-EEB2-53A1-5BD8-44D7F6E68087}.Debug|Any CPU.ActiveCfg = Debug|Any CPU
		{7E7147EB-EEB2-53A1-5BD8-44D7F6E68087}.Debug|Any CPU.Build.0 = Debug|Any CPU
		{7E7147EB-EEB2-53A1-5BD8-44D7F6E68087}.Release|Any CPU.ActiveCfg = Release|Any CPU
		{7E7147EB-EEB2-53A1-5BD8-44D7F6E68087}.Release|Any CPU.Build.0 = Release|Any CPU
		{2DF0A30B-7EBB-BDE4-FCA0-0DD32B7B50FB}.Debug|Any CPU.ActiveCfg = Debug|Any CPU
		{2DF0A30B-7EBB-BDE4-FCA0-0DD32B7B50FB}.Debug|Any CPU.Build.0 = Debug|Any CPU
		{2DF0A30B-7EBB-BDE4-FCA0-0DD32B7B50FB}.Release|Any CPU.ActiveCfg = Release|Any CPU
		{2DF0A30B-7EBB-BDE4-FCA0-0DD32B7B50FB}.Release|Any CPU.Build.0 = Release|Any CPU
		{CEB7AABF-9C8D-9E2D-BD25-D7A72646C48E}.Debug|Any CPU.ActiveCfg = Debug|Any CPU
		{CEB7AABF-9C8D-9E2D-BD25-D7A72646C48E}.Debug|Any CPU.Build.0 = Debug|Any CPU
		{CEB7AABF-9C8D-9E2D-BD25-D7A72646C48E}.Release|Any CPU.ActiveCfg = Release|Any CPU
		{CEB7AABF-9C8D-9E2D-BD25-D7A72646C48E}.Release|Any CPU.Build.0 = Release|Any CPU
		{177288C4-6DB8-6BCB-0455-CB81DB500A6E}.Debug|Any CPU.ActiveCfg = Debug|Any CPU
		{177288C4-6DB8-6BCB-0455-CB81DB500A6E}.Debug|Any CPU.Build.0 = Debug|Any CPU
		{177288C4-6DB8-6BCB-0455-CB81DB500A6E}.Release|Any CPU.ActiveCfg = Release|Any CPU
		{177288C4-6DB8-6BCB-0455-CB81DB500A6E}.Release|Any CPU.Build.0 = Release|Any CPU
		{3FDB9CC7-1FC8-9B69-29F4-8965F89D7DD7}.Debug|Any CPU.ActiveCfg = Debug|Any CPU
		{3FDB9CC7-1FC8-9B69-29F4-8965F89D7DD7}.Debug|Any CPU.Build.0 = Debug|Any CPU
		{3FDB9CC7-1FC8-9B69-29F4-8965F89D7DD7}.Release|Any CPU.ActiveCfg = Release|Any CPU
		{3FDB9CC7-1FC8-9B69-29F4-8965F89D7DD7}.Release|Any CPU.Build.0 = Release|Any CPU
		{CEF5CD72-8930-D161-4487-FB58ABBD1A6D}.Debug|Any CPU.ActiveCfg = Debug|Any CPU
		{CEF5CD72-8930-D161-4487-FB58ABBD1A6D}.Debug|Any CPU.Build.0 = Debug|Any CPU
		{CEF5CD72-8930-D161-4487-FB58ABBD1A6D}.Release|Any CPU.ActiveCfg = Release|Any CPU
		{CEF5CD72-8930-D161-4487-FB58ABBD1A6D}.Release|Any CPU.Build.0 = Release|Any CPU
		{EFD8CEFC-FDF9-E3BD-4843-65D1ED96815A}.Debug|Any CPU.ActiveCfg = Debug|Any CPU
		{EFD8CEFC-FDF9-E3BD-4843-65D1ED96815A}.Debug|Any CPU.Build.0 = Debug|Any CPU
		{EFD8CEFC-FDF9-E3BD-4843-65D1ED96815A}.Release|Any CPU.ActiveCfg = Release|Any CPU
		{EFD8CEFC-FDF9-E3BD-4843-65D1ED96815A}.Release|Any CPU.Build.0 = Release|Any CPU
		{07701F83-E075-49A2-6A17-073D201541AB}.Debug|Any CPU.ActiveCfg = Debug|Any CPU
		{07701F83-E075-49A2-6A17-073D201541AB}.Debug|Any CPU.Build.0 = Debug|Any CPU
		{07701F83-E075-49A2-6A17-073D201541AB}.Release|Any CPU.ActiveCfg = Release|Any CPU
		{07701F83-E075-49A2-6A17-073D201541AB}.Release|Any CPU.Build.0 = Release|Any CPU
		{3C01AE3C-9AC3-81CF-4BE4-3BB312128978}.Debug|Any CPU.ActiveCfg = Debug|Any CPU
		{3C01AE3C-9AC3-81CF-4BE4-3BB312128978}.Debug|Any CPU.Build.0 = Debug|Any CPU
		{3C01AE3C-9AC3-81CF-4BE4-3BB312128978}.Release|Any CPU.ActiveCfg = Release|Any CPU
		{3C01AE3C-9AC3-81CF-4BE4-3BB312128978}.Release|Any CPU.Build.0 = Release|Any CPU
		{3617577E-71FC-A5D1-A2BE-35CED958EFA2}.Debug|Any CPU.ActiveCfg = Debug|Any CPU
		{3617577E-71FC-A5D1-A2BE-35CED958EFA2}.Debug|Any CPU.Build.0 = Debug|Any CPU
		{3617577E-71FC-A5D1-A2BE-35CED958EFA2}.Release|Any CPU.ActiveCfg = Release|Any CPU
		{3617577E-71FC-A5D1-A2BE-35CED958EFA2}.Release|Any CPU.Build.0 = Release|Any CPU
		{6F2405FE-94F7-AA90-23CC-A9D8F80DD53F}.Debug|Any CPU.ActiveCfg = Debug|Any CPU
		{6F2405FE-94F7-AA90-23CC-A9D8F80DD53F}.Debug|Any CPU.Build.0 = Debug|Any CPU
		{6F2405FE-94F7-AA90-23CC-A9D8F80DD53F}.Release|Any CPU.ActiveCfg = Release|Any CPU
		{6F2405FE-94F7-AA90-23CC-A9D8F80DD53F}.Release|Any CPU.Build.0 = Release|Any CPU
		{1B8C9806-4EA4-3994-9CD9-B0144A1BE466}.Debug|Any CPU.ActiveCfg = Debug|Any CPU
		{1B8C9806-4EA4-3994-9CD9-B0144A1BE466}.Debug|Any CPU.Build.0 = Debug|Any CPU
		{1B8C9806-4EA4-3994-9CD9-B0144A1BE466}.Release|Any CPU.ActiveCfg = Release|Any CPU
		{1B8C9806-4EA4-3994-9CD9-B0144A1BE466}.Release|Any CPU.Build.0 = Release|Any CPU
		{09647913-DE77-114B-4E38-9E84E80511E9}.Debug|Any CPU.ActiveCfg = Debug|Any CPU
		{09647913-DE77-114B-4E38-9E84E80511E9}.Debug|Any CPU.Build.0 = Debug|Any CPU
		{09647913-DE77-114B-4E38-9E84E80511E9}.Release|Any CPU.ActiveCfg = Release|Any CPU
		{09647913-DE77-114B-4E38-9E84E80511E9}.Release|Any CPU.Build.0 = Release|Any CPU
		{5CAF6874-9F8D-B64A-4EF9-BD0237C13649}.Debug|Any CPU.ActiveCfg = Debug|Any CPU
		{5CAF6874-9F8D-B64A-4EF9-BD0237C13649}.Debug|Any CPU.Build.0 = Debug|Any CPU
		{5CAF6874-9F8D-B64A-4EF9-BD0237C13649}.Release|Any CPU.ActiveCfg = Release|Any CPU
		{5CAF6874-9F8D-B64A-4EF9-BD0237C13649}.Release|Any CPU.Build.0 = Release|Any CPU
		{7954D712-6858-E0DE-6C18-885B07BEE0D3}.Debug|Any CPU.ActiveCfg = Debug|Any CPU
		{7954D712-6858-E0DE-6C18-885B07BEE0D3}.Debug|Any CPU.Build.0 = Debug|Any CPU
		{7954D712-6858-E0DE-6C18-885B07BEE0D3}.Release|Any CPU.ActiveCfg = Release|Any CPU
		{7954D712-6858-E0DE-6C18-885B07BEE0D3}.Release|Any CPU.Build.0 = Release|Any CPU
		{8A3EEA36-3168-D7FD-DDE1-1F819170C1A3}.Debug|Any CPU.ActiveCfg = Debug|Any CPU
		{8A3EEA36-3168-D7FD-DDE1-1F819170C1A3}.Debug|Any CPU.Build.0 = Debug|Any CPU
		{8A3EEA36-3168-D7FD-DDE1-1F819170C1A3}.Release|Any CPU.ActiveCfg = Release|Any CPU
		{8A3EEA36-3168-D7FD-DDE1-1F819170C1A3}.Release|Any CPU.Build.0 = Release|Any CPU
		{EF726EA4-4690-D6D1-F6FE-8580806C98D0}.Debug|Any CPU.ActiveCfg = Debug|Any CPU
		{EF726EA4-4690-D6D1-F6FE-8580806C98D0}.Debug|Any CPU.Build.0 = Debug|Any CPU
		{EF726EA4-4690-D6D1-F6FE-8580806C98D0}.Release|Any CPU.ActiveCfg = Release|Any CPU
		{EF726EA4-4690-D6D1-F6FE-8580806C98D0}.Release|Any CPU.Build.0 = Release|Any CPU
		{43B5FB85-DAA5-C5A2-5AF6-948CB1788110}.Debug|Any CPU.ActiveCfg = Debug|Any CPU
		{43B5FB85-DAA5-C5A2-5AF6-948CB1788110}.Debug|Any CPU.Build.0 = Debug|Any CPU
		{43B5FB85-DAA5-C5A2-5AF6-948CB1788110}.Release|Any CPU.ActiveCfg = Release|Any CPU
		{43B5FB85-DAA5-C5A2-5AF6-948CB1788110}.Release|Any CPU.Build.0 = Release|Any CPU
		{57D07359-B882-5CEF-9B1E-C6A514C5DAB9}.Debug|Any CPU.ActiveCfg = Debug|Any CPU
		{57D07359-B882-5CEF-9B1E-C6A514C5DAB9}.Debug|Any CPU.Build.0 = Debug|Any CPU
		{57D07359-B882-5CEF-9B1E-C6A514C5DAB9}.Release|Any CPU.ActiveCfg = Release|Any CPU
		{57D07359-B882-5CEF-9B1E-C6A514C5DAB9}.Release|Any CPU.Build.0 = Release|Any CPU
		{D2AC86D3-7628-9A70-8E74-BFB9D0C06526}.Debug|Any CPU.ActiveCfg = Debug|Any CPU
		{D2AC86D3-7628-9A70-8E74-BFB9D0C06526}.Debug|Any CPU.Build.0 = Debug|Any CPU
		{D2AC86D3-7628-9A70-8E74-BFB9D0C06526}.Release|Any CPU.ActiveCfg = Release|Any CPU
		{D2AC86D3-7628-9A70-8E74-BFB9D0C06526}.Release|Any CPU.Build.0 = Release|Any CPU
		{C0BF54F1-65D2-F510-8B75-841421D7E413}.Debug|Any CPU.ActiveCfg = Debug|Any CPU
		{C0BF54F1-65D2-F510-8B75-841421D7E413}.Debug|Any CPU.Build.0 = Debug|Any CPU
		{C0BF54F1-65D2-F510-8B75-841421D7E413}.Release|Any CPU.ActiveCfg = Release|Any CPU
		{C0BF54F1-65D2-F510-8B75-841421D7E413}.Release|Any CPU.Build.0 = Release|Any CPU
		{3E869FE3-CE17-8E0D-973F-068BAE5C5AFA}.Debug|Any CPU.ActiveCfg = Debug|Any CPU
		{3E869FE3-CE17-8E0D-973F-068BAE5C5AFA}.Debug|Any CPU.Build.0 = Debug|Any CPU
		{3E869FE3-CE17-8E0D-973F-068BAE5C5AFA}.Release|Any CPU.ActiveCfg = Release|Any CPU
		{3E869FE3-CE17-8E0D-973F-068BAE5C5AFA}.Release|Any CPU.Build.0 = Release|Any CPU
		{4BC510BC-0E74-46F8-0056-3B2D354EF627}.Debug|Any CPU.ActiveCfg = Debug|Any CPU
		{4BC510BC-0E74-46F8-0056-3B2D354EF627}.Debug|Any CPU.Build.0 = Debug|Any CPU
		{4BC510BC-0E74-46F8-0056-3B2D354EF627}.Release|Any CPU.ActiveCfg = Release|Any CPU
		{4BC510BC-0E74-46F8-0056-3B2D354EF627}.Release|Any CPU.Build.0 = Release|Any CPU
		{265CC123-11EB-1478-B4D4-5E374A6FA473}.Debug|Any CPU.ActiveCfg = Debug|Any CPU
		{265CC123-11EB-1478-B4D4-5E374A6FA473}.Debug|Any CPU.Build.0 = Debug|Any CPU
		{265CC123-11EB-1478-B4D4-5E374A6FA473}.Release|Any CPU.ActiveCfg = Release|Any CPU
		{265CC123-11EB-1478-B4D4-5E374A6FA473}.Release|Any CPU.Build.0 = Release|Any CPU
		{1BA509C4-8D1D-BFB0-D17C-7ACD19024128}.Debug|Any CPU.ActiveCfg = Debug|Any CPU
		{1BA509C4-8D1D-BFB0-D17C-7ACD19024128}.Debug|Any CPU.Build.0 = Debug|Any CPU
		{1BA509C4-8D1D-BFB0-D17C-7ACD19024128}.Release|Any CPU.ActiveCfg = Release|Any CPU
		{1BA509C4-8D1D-BFB0-D17C-7ACD19024128}.Release|Any CPU.Build.0 = Release|Any CPU
		{35C7FF61-094A-9C7F-5F1E-62C429AFD20B}.Debug|Any CPU.ActiveCfg = Debug|Any CPU
		{35C7FF61-094A-9C7F-5F1E-62C429AFD20B}.Debug|Any CPU.Build.0 = Debug|Any CPU
		{35C7FF61-094A-9C7F-5F1E-62C429AFD20B}.Release|Any CPU.ActiveCfg = Release|Any CPU
		{35C7FF61-094A-9C7F-5F1E-62C429AFD20B}.Release|Any CPU.Build.0 = Release|Any CPU
		{10EE20DF-F327-840F-8E56-519C94C1F14D}.Debug|Any CPU.ActiveCfg = Debug|Any CPU
		{10EE20DF-F327-840F-8E56-519C94C1F14D}.Debug|Any CPU.Build.0 = Debug|Any CPU
		{10EE20DF-F327-840F-8E56-519C94C1F14D}.Release|Any CPU.ActiveCfg = Release|Any CPU
		{10EE20DF-F327-840F-8E56-519C94C1F14D}.Release|Any CPU.Build.0 = Release|Any CPU
		{610697E2-2313-917C-39B9-FC5C94E4C216}.Debug|Any CPU.ActiveCfg = Debug|Any CPU
		{610697E2-2313-917C-39B9-FC5C94E4C216}.Debug|Any CPU.Build.0 = Debug|Any CPU
		{610697E2-2313-917C-39B9-FC5C94E4C216}.Release|Any CPU.ActiveCfg = Release|Any CPU
		{610697E2-2313-917C-39B9-FC5C94E4C216}.Release|Any CPU.Build.0 = Release|Any CPU
		{8B8BEA6F-D532-C711-F35B-6A802C5A9918}.Debug|Any CPU.ActiveCfg = Debug|Any CPU
		{8B8BEA6F-D532-C711-F35B-6A802C5A9918}.Debug|Any CPU.Build.0 = Debug|Any CPU
		{8B8BEA6F-D532-C711-F35B-6A802C5A9918}.Release|Any CPU.ActiveCfg = Release|Any CPU
		{8B8BEA6F-D532-C711-F35B-6A802C5A9918}.Release|Any CPU.Build.0 = Release|Any CPU
		{7761BB3E-A083-4E34-AA45-3891A37D0728}.Debug|Any CPU.ActiveCfg = Debug|Any CPU
		{7761BB3E-A083-4E34-AA45-3891A37D0728}.Debug|Any CPU.Build.0 = Debug|Any CPU
		{7761BB3E-A083-4E34-AA45-3891A37D0728}.Release|Any CPU.ActiveCfg = Release|Any CPU
		{7761BB3E-A083-4E34-AA45-3891A37D0728}.Release|Any CPU.Build.0 = Release|Any CPU
		{1F3FE96C-06A3-1DCB-6DB0-5E384EC59C89}.Debug|Any CPU.ActiveCfg = Debug|Any CPU
		{1F3FE96C-06A3-1DCB-6DB0-5E384EC59C89}.Debug|Any CPU.Build.0 = Debug|Any CPU
		{1F3FE96C-06A3-1DCB-6DB0-5E384EC59C89}.Release|Any CPU.ActiveCfg = Release|Any CPU
		{1F3FE96C-06A3-1DCB-6DB0-5E384EC59C89}.Release|Any CPU.Build.0 = Release|Any CPU
		{74356A66-BC6B-FF1D-3AF4-A528F9F5F818}.Debug|Any CPU.ActiveCfg = Debug|Any CPU
		{74356A66-BC6B-FF1D-3AF4-A528F9F5F818}.Debug|Any CPU.Build.0 = Debug|Any CPU
		{74356A66-BC6B-FF1D-3AF4-A528F9F5F818}.Release|Any CPU.ActiveCfg = Release|Any CPU
		{74356A66-BC6B-FF1D-3AF4-A528F9F5F818}.Release|Any CPU.Build.0 = Release|Any CPU
		{E8F36EEB-7D67-C097-BA2C-2CFC55C5A6DA}.Debug|Any CPU.ActiveCfg = Debug|Any CPU
		{E8F36EEB-7D67-C097-BA2C-2CFC55C5A6DA}.Debug|Any CPU.Build.0 = Debug|Any CPU
		{E8F36EEB-7D67-C097-BA2C-2CFC55C5A6DA}.Release|Any CPU.ActiveCfg = Release|Any CPU
		{E8F36EEB-7D67-C097-BA2C-2CFC55C5A6DA}.Release|Any CPU.Build.0 = Release|Any CPU
		{369FF21E-B6E3-D41E-DAE6-8FE910FF2D9C}.Debug|Any CPU.ActiveCfg = Debug|Any CPU
		{369FF21E-B6E3-D41E-DAE6-8FE910FF2D9C}.Debug|Any CPU.Build.0 = Debug|Any CPU
		{369FF21E-B6E3-D41E-DAE6-8FE910FF2D9C}.Release|Any CPU.ActiveCfg = Release|Any CPU
		{369FF21E-B6E3-D41E-DAE6-8FE910FF2D9C}.Release|Any CPU.Build.0 = Release|Any CPU
		{2A61008E-DE4D-3CD1-0F6A-43121CEB0DE1}.Debug|Any CPU.ActiveCfg = Debug|Any CPU
		{2A61008E-DE4D-3CD1-0F6A-43121CEB0DE1}.Debug|Any CPU.Build.0 = Debug|Any CPU
		{2A61008E-DE4D-3CD1-0F6A-43121CEB0DE1}.Release|Any CPU.ActiveCfg = Release|Any CPU
		{2A61008E-DE4D-3CD1-0F6A-43121CEB0DE1}.Release|Any CPU.Build.0 = Release|Any CPU
		{906C8E3A-F16C-389D-FE46-378EEE7EF483}.Debug|Any CPU.ActiveCfg = Debug|Any CPU
		{906C8E3A-F16C-389D-FE46-378EEE7EF483}.Debug|Any CPU.Build.0 = Debug|Any CPU
		{906C8E3A-F16C-389D-FE46-378EEE7EF483}.Release|Any CPU.ActiveCfg = Release|Any CPU
		{906C8E3A-F16C-389D-FE46-378EEE7EF483}.Release|Any CPU.Build.0 = Release|Any CPU
		{20D757B4-92E8-651D-129D-CB1F72F01265}.Debug|Any CPU.ActiveCfg = Debug|Any CPU
		{20D757B4-92E8-651D-129D-CB1F72F01265}.Debug|Any CPU.Build.0 = Debug|Any CPU
		{20D757B4-92E8-651D-129D-CB1F72F01265}.Release|Any CPU.ActiveCfg = Release|Any CPU
		{20D757B4-92E8-651D-129D-CB1F72F01265}.Release|Any CPU.Build.0 = Release|Any CPU
		{E3BE93B4-6987-01A1-2918-E6190C801940}.Debug|Any CPU.ActiveCfg = Debug|Any CPU
		{E3BE93B4-6987-01A1-2918-E6190C801940}.Debug|Any CPU.Build.0 = Debug|Any CPU
		{E3BE93B4-6987-01A1-2918-E6190C801940}.Release|Any CPU.ActiveCfg = Release|Any CPU
		{E3BE93B4-6987-01A1-2918-E6190C801940}.Release|Any CPU.Build.0 = Release|Any CPU
		{1D8B071C-5B77-B674-A307-9C4E1A4DAD00}.Debug|Any CPU.ActiveCfg = Debug|Any CPU
		{1D8B071C-5B77-B674-A307-9C4E1A4DAD00}.Debug|Any CPU.Build.0 = Debug|Any CPU
		{1D8B071C-5B77-B674-A307-9C4E1A4DAD00}.Release|Any CPU.ActiveCfg = Release|Any CPU
		{1D8B071C-5B77-B674-A307-9C4E1A4DAD00}.Release|Any CPU.Build.0 = Release|Any CPU
		{A296823D-6BD4-CCD1-52CA-863CD0D0F18F}.Debug|Any CPU.ActiveCfg = Debug|Any CPU
		{A296823D-6BD4-CCD1-52CA-863CD0D0F18F}.Debug|Any CPU.Build.0 = Debug|Any CPU
		{A296823D-6BD4-CCD1-52CA-863CD0D0F18F}.Release|Any CPU.ActiveCfg = Release|Any CPU
		{A296823D-6BD4-CCD1-52CA-863CD0D0F18F}.Release|Any CPU.Build.0 = Release|Any CPU
		{CA2D3D1A-7DE4-698E-DF49-11DE9C7344A3}.Debug|Any CPU.ActiveCfg = Debug|Any CPU
		{CA2D3D1A-7DE4-698E-DF49-11DE9C7344A3}.Debug|Any CPU.Build.0 = Debug|Any CPU
		{CA2D3D1A-7DE4-698E-DF49-11DE9C7344A3}.Release|Any CPU.ActiveCfg = Release|Any CPU
		{CA2D3D1A-7DE4-698E-DF49-11DE9C7344A3}.Release|Any CPU.Build.0 = Release|Any CPU
		{21A50645-B042-B1E5-736E-0D97EA35A7EF}.Debug|Any CPU.ActiveCfg = Debug|Any CPU
		{21A50645-B042-B1E5-736E-0D97EA35A7EF}.Debug|Any CPU.Build.0 = Debug|Any CPU
		{21A50645-B042-B1E5-736E-0D97EA35A7EF}.Release|Any CPU.ActiveCfg = Release|Any CPU
		{21A50645-B042-B1E5-736E-0D97EA35A7EF}.Release|Any CPU.Build.0 = Release|Any CPU
		{E9621CE8-1A1B-6D75-1266-30B5BBCF8FF0}.Debug|Any CPU.ActiveCfg = Debug|Any CPU
		{E9621CE8-1A1B-6D75-1266-30B5BBCF8FF0}.Debug|Any CPU.Build.0 = Debug|Any CPU
		{E9621CE8-1A1B-6D75-1266-30B5BBCF8FF0}.Release|Any CPU.ActiveCfg = Release|Any CPU
		{E9621CE8-1A1B-6D75-1266-30B5BBCF8FF0}.Release|Any CPU.Build.0 = Release|Any CPU
		{7AA05984-BE78-A486-391B-7AC4448CFC2A}.Debug|Any CPU.ActiveCfg = Debug|Any CPU
		{7AA05984-BE78-A486-391B-7AC4448CFC2A}.Debug|Any CPU.Build.0 = Debug|Any CPU
		{7AA05984-BE78-A486-391B-7AC4448CFC2A}.Release|Any CPU.ActiveCfg = Release|Any CPU
		{7AA05984-BE78-A486-391B-7AC4448CFC2A}.Release|Any CPU.Build.0 = Release|Any CPU
		{9657973E-37E5-696F-FC7A-D389F5513A8B}.Debug|Any CPU.ActiveCfg = Debug|Any CPU
		{9657973E-37E5-696F-FC7A-D389F5513A8B}.Debug|Any CPU.Build.0 = Debug|Any CPU
		{9657973E-37E5-696F-FC7A-D389F5513A8B}.Release|Any CPU.ActiveCfg = Release|Any CPU
		{9657973E-37E5-696F-FC7A-D389F5513A8B}.Release|Any CPU.Build.0 = Release|Any CPU
		{165EE6AA-24E9-19A5-2C13-9227FE5E54F3}.Debug|Any CPU.ActiveCfg = Debug|Any CPU
		{165EE6AA-24E9-19A5-2C13-9227FE5E54F3}.Debug|Any CPU.Build.0 = Debug|Any CPU
		{165EE6AA-24E9-19A5-2C13-9227FE5E54F3}.Release|Any CPU.ActiveCfg = Release|Any CPU
		{165EE6AA-24E9-19A5-2C13-9227FE5E54F3}.Release|Any CPU.Build.0 = Release|Any CPU
		{A0099BB6-CDA2-4E40-796B-DE1CEE69E292}.Debug|Any CPU.ActiveCfg = Debug|Any CPU
		{A0099BB6-CDA2-4E40-796B-DE1CEE69E292}.Debug|Any CPU.Build.0 = Debug|Any CPU
		{A0099BB6-CDA2-4E40-796B-DE1CEE69E292}.Release|Any CPU.ActiveCfg = Release|Any CPU
		{A0099BB6-CDA2-4E40-796B-DE1CEE69E292}.Release|Any CPU.Build.0 = Release|Any CPU
		{B040E6A0-362E-15B6-97B6-E8EF5FC4CB5B}.Debug|Any CPU.ActiveCfg = Debug|Any CPU
		{B040E6A0-362E-15B6-97B6-E8EF5FC4CB5B}.Debug|Any CPU.Build.0 = Debug|Any CPU
		{B040E6A0-362E-15B6-97B6-E8EF5FC4CB5B}.Release|Any CPU.ActiveCfg = Release|Any CPU
		{B040E6A0-362E-15B6-97B6-E8EF5FC4CB5B}.Release|Any CPU.Build.0 = Release|Any CPU
		{80A0D8F7-A8F1-7004-9F70-C56CC5FE9FA9}.Debug|Any CPU.ActiveCfg = Debug|Any CPU
		{80A0D8F7-A8F1-7004-9F70-C56CC5FE9FA9}.Debug|Any CPU.Build.0 = Debug|Any CPU
		{80A0D8F7-A8F1-7004-9F70-C56CC5FE9FA9}.Release|Any CPU.ActiveCfg = Release|Any CPU
		{80A0D8F7-A8F1-7004-9F70-C56CC5FE9FA9}.Release|Any CPU.Build.0 = Release|Any CPU
		{D1087C09-73FE-E201-D60D-07B91538E3A6}.Debug|Any CPU.ActiveCfg = Debug|Any CPU
		{D1087C09-73FE-E201-D60D-07B91538E3A6}.Debug|Any CPU.Build.0 = Debug|Any CPU
		{D1087C09-73FE-E201-D60D-07B91538E3A6}.Release|Any CPU.ActiveCfg = Release|Any CPU
		{D1087C09-73FE-E201-D60D-07B91538E3A6}.Release|Any CPU.Build.0 = Release|Any CPU
		{FE0AEA23-28A0-6203-B74D-1F1A7C1BDD6F}.Debug|Any CPU.ActiveCfg = Debug|Any CPU
		{FE0AEA23-28A0-6203-B74D-1F1A7C1BDD6F}.Debug|Any CPU.Build.0 = Debug|Any CPU
		{FE0AEA23-28A0-6203-B74D-1F1A7C1BDD6F}.Release|Any CPU.ActiveCfg = Release|Any CPU
		{FE0AEA23-28A0-6203-B74D-1F1A7C1BDD6F}.Release|Any CPU.Build.0 = Release|Any CPU
	EndGlobalSection
	GlobalSection(SolutionProperties) = preSolution
		HideSolutionNode = FALSE
	EndGlobalSection
EndGlobal
